
Microsoft Visual Studio Solution File, Format Version 12.00
# Visual Studio Version 17
VisualStudioVersion = 17.1.32210.238
MinimumVisualStudioVersion = 10.0.40219.1
Project("{8BC9CEB8-8B4A-11D0-8D11-00A0C91BC942}") = "attrib", "src\attrib\attrib.vcxproj", "{26364A79-5458-4068-82A4-17A4A75AE2D0}"
EndProject
Project("{8BC9CEB8-8B4A-11D0-8D11-00A0C91BC942}") = "cmd", "src\cmd\cmd.vcxproj", "{47E3331B-6949-4D31-9A9C-C74581C603CE}"
EndProject
Project("{2150E333-8FDC-42A3-9474-1A3956D46DE8}") = "src", "src", "{02638E1E-E827-4AFF-AE20-5C339F4F0531}"
EndProject
Project("{8BC9CEB8-8B4A-11D0-8D11-00A0C91BC942}") = "icacls", "src\icacls\icacls.vcxproj", "{7A5E997A-6034-41F0-ACFF-15B222CD969A}"
EndProject
Project("{8BC9CEB8-8B4A-11D0-8D11-00A0C91BC942}") = "tree", "src\tree\tree.vcxproj", "{20647373-CF1B-4632-8A1F-F8424C093397}"
EndProject
Project("{8BC9CEB8-8B4A-11D0-8D11-00A0C91BC942}") = "reg", "src\reg\reg.vcxproj", "{A0C9585A-7F1C-4CDC-BF26-E23784F592D3}"
EndProject
Project("{8BC9CEB8-8B4A-11D0-8D11-00A0C91BC942}") = "shutdown", "src\shutdown\shutdown.vcxproj", "{7F0B3FDF-1D87-403C-8A61-901DACEA6268}"
EndProject
Project("{2150E333-8FDC-42A3-9474-1A3956D46DE8}") = "shared", "shared", "{3F0853C0-216A-4CD9-8E62-5C7B846F2EF2}"
	ProjectSection(SolutionItems) = preProject
		shared\common.ver.rc = shared\common.ver.rc
		shared\muibuilder.bat = shared\muibuilder.bat
	EndProjectSection
EndProject
Global
	GlobalSection(SolutionConfigurationPlatforms) = preSolution
		Debug|x64 = Debug|x64
		Debug|x86 = Debug|x86
		Release|x64 = Release|x64
		Release|x86 = Release|x86
	EndGlobalSection
	GlobalSection(ProjectConfigurationPlatforms) = postSolution
		{26364A79-5458-4068-82A4-17A4A75AE2D0}.Debug|x64.ActiveCfg = Debug|x64
		{26364A79-5458-4068-82A4-17A4A75AE2D0}.Debug|x64.Build.0 = Debug|x64
		{26364A79-5458-4068-82A4-17A4A75AE2D0}.Debug|x86.ActiveCfg = Debug|Win32
		{26364A79-5458-4068-82A4-17A4A75AE2D0}.Debug|x86.Build.0 = Debug|Win32
		{26364A79-5458-4068-82A4-17A4A75AE2D0}.Release|x64.ActiveCfg = Release|x64
		{26364A79-5458-4068-82A4-17A4A75AE2D0}.Release|x64.Build.0 = Release|x64
		{26364A79-5458-4068-82A4-17A4A75AE2D0}.Release|x86.ActiveCfg = Release|Win32
		{26364A79-5458-4068-82A4-17A4A75AE2D0}.Release|x86.Build.0 = Release|Win32
		{47E3331B-6949-4D31-9A9C-C74581C603CE}.Debug|x64.ActiveCfg = Debug|x64
		{47E3331B-6949-4D31-9A9C-C74581C603CE}.Debug|x64.Build.0 = Debug|x64
		{47E3331B-6949-4D31-9A9C-C74581C603CE}.Debug|x86.ActiveCfg = Debug|Win32
		{47E3331B-6949-4D31-9A9C-C74581C603CE}.Debug|x86.Build.0 = Debug|Win32
		{47E3331B-6949-4D31-9A9C-C74581C603CE}.Release|x64.ActiveCfg = Release|x64
		{47E3331B-6949-4D31-9A9C-C74581C603CE}.Release|x64.Build.0 = Release|x64
		{47E3331B-6949-4D31-9A9C-C74581C603CE}.Release|x86.ActiveCfg = Release|Win32
		{47E3331B-6949-4D31-9A9C-C74581C603CE}.Release|x86.Build.0 = Release|Win32
		{7A5E997A-6034-41F0-ACFF-15B222CD969A}.Debug|x64.ActiveCfg = Debug|x64
		{7A5E997A-6034-41F0-ACFF-15B222CD969A}.Debug|x64.Build.0 = Debug|x64
		{7A5E997A-6034-41F0-ACFF-15B222CD969A}.Debug|x86.ActiveCfg = Debug|Win32
		{7A5E997A-6034-41F0-ACFF-15B222CD969A}.Debug|x86.Build.0 = Debug|Win32
		{7A5E997A-6034-41F0-ACFF-15B222CD969A}.Release|x64.ActiveCfg = Release|x64
		{7A5E997A-6034-41F0-ACFF-15B222CD969A}.Release|x64.Build.0 = Release|x64
		{7A5E997A-6034-41F0-ACFF-15B222CD969A}.Release|x86.ActiveCfg = Release|Win32
		{7A5E997A-6034-41F0-ACFF-15B222CD969A}.Release|x86.Build.0 = Release|Win32
		{20647373-CF1B-4632-8A1F-F8424C093397}.Debug|x64.ActiveCfg = Debug|x64
		{20647373-CF1B-4632-8A1F-F8424C093397}.Debug|x64.Build.0 = Debug|x64
		{20647373-CF1B-4632-8A1F-F8424C093397}.Debug|x86.ActiveCfg = Debug|Win32
		{20647373-CF1B-4632-8A1F-F8424C093397}.Debug|x86.Build.0 = Debug|Win32
		{20647373-CF1B-4632-8A1F-F8424C093397}.Release|x64.ActiveCfg = Release|x64
		{20647373-CF1B-4632-8A1F-F8424C093397}.Release|x64.Build.0 = Release|x64
		{20647373-CF1B-4632-8A1F-F8424C093397}.Release|x86.ActiveCfg = Release|Win32
		{20647373-CF1B-4632-8A1F-F8424C093397}.Release|x86.Build.0 = Release|Win32
		{A0C9585A-7F1C-4CDC-BF26-E23784F592D3}.Debug|x64.ActiveCfg = Debug|x64
		{A0C9585A-7F1C-4CDC-BF26-E23784F592D3}.Debug|x64.Build.0 = Debug|x64
		{A0C9585A-7F1C-4CDC-BF26-E23784F592D3}.Debug|x86.ActiveCfg = Debug|Win32
		{A0C9585A-7F1C-4CDC-BF26-E23784F592D3}.Debug|x86.Build.0 = Debug|Win32
		{A0C9585A-7F1C-4CDC-BF26-E23784F592D3}.Release|x64.ActiveCfg = Release|x64
		{A0C9585A-7F1C-4CDC-BF26-E23784F592D3}.Release|x64.Build.0 = Release|x64
		{A0C9585A-7F1C-4CDC-BF26-E23784F592D3}.Release|x86.ActiveCfg = Release|Win32
		{A0C9585A-7F1C-4CDC-BF26-E23784F592D3}.Release|x86.Build.0 = Release|Win32
		{7F0B3FDF-1D87-403C-8A61-901DACEA6268}.Debug|x64.ActiveCfg = Debug|x64
		{7F0B3FDF-1D87-403C-8A61-901DACEA6268}.Debug|x64.Build.0 = Debug|x64
		{7F0B3FDF-1D87-403C-8A61-901DACEA6268}.Debug|x86.ActiveCfg = Debug|Win32
		{7F0B3FDF-1D87-403C-8A61-901DACEA6268}.Debug|x86.Build.0 = Debug|Win32
		{7F0B3FDF-1D87-403C-8A61-901DACEA6268}.Release|x64.ActiveCfg = Release|x64
		{7F0B3FDF-1D87-403C-8A61-901DACEA6268}.Release|x64.Build.0 = Release|x64
		{7F0B3FDF-1D87-403C-8A61-901DACEA6268}.Release|x86.ActiveCfg = Release|Win32
		{7F0B3FDF-1D87-403C-8A61-901DACEA6268}.Release|x86.Build.0 = Release|Win32
	EndGlobalSection
	GlobalSection(SolutionProperties) = preSolution
		HideSolutionNode = FALSE
	EndGlobalSection
	GlobalSection(NestedProjects) = preSolution
		{26364A79-5458-4068-82A4-17A4A75AE2D0} = {02638E1E-E827-4AFF-AE20-5C339F4F0531}
		{47E3331B-6949-4D31-9A9C-C74581C603CE} = {02638E1E-E827-4AFF-AE20-5C339F4F0531}
		{7A5E997A-6034-41F0-ACFF-15B222CD969A} = {02638E1E-E827-4AFF-AE20-5C339F4F0531}
		{20647373-CF1B-4632-8A1F-F8424C093397} = {02638E1E-E827-4AFF-AE20-5C339F4F0531}
		{A0C9585A-7F1C-4CDC-BF26-E23784F592D3} = {02638E1E-E827-4AFF-AE20-5C339F4F0531}
		{7F0B3FDF-1D87-403C-8A61-901DACEA6268} = {02638E1E-E827-4AFF-AE20-5C339F4F0531}
	EndGlobalSection
	GlobalSection(ExtensibilityGlobals) = postSolution
		SolutionGuid = {D74445A4-9606-4FFF-9D2B-4AD3093106F4}
	EndGlobalSection
EndGlobal
