<?xml version="1.0" encoding="utf-8"?>
<Project ToolsVersion="4.0" xmlns="http://schemas.microsoft.com/developer/msbuild/2003">
  <ItemGroup>
    <Filter Include="Source files">
      <UniqueIdentifier>{4FC737F1-C7A5-4376-A066-2A32D752A2FF}</UniqueIdentifier>
      <Extensions>cpp;c;cc;cxx;c++;cppm;ixx;def;odl;idl;hpj;bat;asm;asmx</Extensions>
    </Filter>
    <Filter Include="Header files">
      <UniqueIdentifier>{93995380-89BD-4b04-88EB-625FBE52EBFB}</UniqueIdentifier>
      <Extensions>h;hh;hpp;hxx;h++;hm;inl;inc;ipp;xsd</Extensions>
    </Filter>
    <Filter Include="Resource files">
      <UniqueIdentifier>{67DA6AB6-F800-4c08-8B7A-83BB121AAD01}</UniqueIdentifier>
      <Extensions>rc;ico;cur;bmp;dlg;rc2;rct;bin;rgs;gif;jpg;jpeg;jpe;resx;tiff;tif;png;wav;mfcribbon-ms</Extensions>
    </Filter>
    <Filter Include="Source files\RegCommands">
      <UniqueIdentifier>{d771de6d-112e-42e0-81be-7510ddb8a494}</UniqueIdentifier>
    </Filter>
  </ItemGroup>
  <ItemGroup>
    <ClCompile Include="RegMessage.c">
      <Filter>Source files</Filter>
    </ClCompile>
    <ClCompile Include="RegParse.c">
      <Filter>Source files</Filter>
    </ClCompile>
    <ClCompile Include="RegQuery.c">
      <Filter>Source files\RegCommands</Filter>
    </ClCompile>
    <ClCompile Include="RegMain.c">
      <Filter>Source files\RegCommands</Filter>
    </ClCompile>
    <ClCompile Include="RegAdd.c">
      <Filter>Source files\RegCommands</Filter>
    </ClCompile>
    <ClCompile Include="RegSave.c">
      <Filter>Source files\RegCommands</Filter>
    </ClCompile>
    <ClCompile Include="RegRestore.c">
      <Filter>Source files\RegCommands</Filter>
    </ClCompile>
    <ClCompile Include="RegExport.c">
      <Filter>Source files\RegCommands</Filter>
    </ClCompile>
    <ClCompile Include="RegLoad.c">
      <Filter>Source files\RegCommands</Filter>
    </ClCompile>
    <ClCompile Include="RegUnLoad.c">
      <Filter>Source files\RegCommands</Filter>
    </ClCompile>
    <ClCompile Include="RegDelete.c">
      <Filter>Source files\RegCommands</Filter>
    </ClCompile>
  </ItemGroup>
  <ItemGroup>
    <ClInclude Include="RegMain.h">
      <Filter>Header files</Filter>
    </ClInclude>
    <ClInclude Include="RegMessage.h">
      <Filter>Header files</Filter>
    </ClInclude>
  </ItemGroup>
  <ItemGroup>
    <Manifest Include="App.manifest">
      <Filter>Source files</Filter>
    </Manifest>
  </ItemGroup>
</Project>